Microsoft Visual Studio Solution File, Format Version 12.00
# Visual Studio Version 17
VisualStudioVersion = 17.5.2.0
MinimumVisualStudioVersion = 10.0.40219.1
Project("{FAE04EC0-301F-11D3-BF4B-00C04F79EFBC}") = "Elf.Api", "Elf.Api/Elf.Api.csproj", "{44F1FB31-00B1-A836-E1D9-DA8841452126}"
EndProject
Global
    GlobalSection(SolutionConfigurationPlatforms) = preSolution
        Debug|Any CPU = Debug|Any CPU
        Release|Any CPU = Release|Any CPU
    EndGlobalSection
    GlobalSection(ProjectConfigurationPlatforms) = postSolution
        {44F1FB31-00B1-A836-E1D9-DA8841452126}.Debug|Any CPU.ActiveCfg = Debug|Any CPU
        {44F1FB31-00B1-A836-E1D9-DA8841452126}.Debug|Any CPU.Build.0 = Debug|Any CPU
        {44F1FB31-00B1-A836-E1D9-DA8841452126}.Release|Any CPU.ActiveCfg = Release|Any CPU
        {44F1FB31-00B1-A836-E1D9-DA8841452126}.Release|Any CPU.Build.0 = Release|Any CPU
    EndGlobalSection
    GlobalSection(SolutionProperties) = preSolution
        HideSolutionNode = FALSE
    EndGlobalSection
    GlobalSection(ExtensibilityGlobals) = postSolution
        SolutionGuid = {467D4CA7-C36B-48AB-9F25-FE058BCAFCBA}
    EndGlobalSection
EndGlobal